
Microsoft Visual Studio Solution File, Format Version 12.00
# Visual Studio Version 17
VisualStudioVersion = 17.6.33723.286
MinimumVisualStudioVersion = 10.0.40219.1
Project("{9A19103F-16F7-4668-BE54-9A1E7A4F7556}") = "InventoryManagementSystem.Domain", "InventoryManagementSystem.Domain\InventoryManagementSystem.Domain.csproj", "{58801F37-A303-40F3-8F71-BCB16B4C21C6}"
EndProject
Project("{9A19103F-16F7-4668-BE54-9A1E7A4F7556}") = "InventoryManagementSystem.Infrastructure", "InventoryManagementSystem.Infrastructure\InventoryManagementSystem.Infrastructure.csproj", "{66AD8B6E-3663-4428-9AB4-3B041BADDDDB}"
EndProject
Project("{9A19103F-16F7-4668-BE54-9A1E7A4F7556}") = "InventoryManagementSystem.Application", "InventoryManagementSystem.Application\InventoryManagementSystem.Application.csproj", "{C4F50CA3-06F1-4711-BCBF-07043C5822A9}"
EndProject
Project("{2150E333-8FDC-42A3-9474-1A3956D46DE8}") = "tests", "tests", "{37547915-C62A-4B6E-886A-CFB4344235E7}"
EndProject
Project("{9A19103F-16F7-4668-BE54-9A1E7A4F7556}") = "InventoryManagementSystem.Handler.Tests", "InventoryManagementSystem.Handler.Tests\InventoryManagementSystem.Handler.Tests.csproj", "{42AD1579-6B76-430E-9EE3-93B2A6D9DD4F}"
EndProject
Project("{2150E333-8FDC-42A3-9474-1A3956D46DE8}") = "src", "src", "{288D2F63-F0B3-41C9-A3D4-51965B47C30D}"
EndProject
Project("{2150E333-8FDC-42A3-9474-1A3956D46DE8}") = "01 Api", "01 Api", "{E8ED21F3-BA7D-4A50-B652-A5349017F135}"
EndProject
Project("{2150E333-8FDC-42A3-9474-1A3956D46DE8}") = "02 Business", "02 Business", "{6C3427AD-A323-4203-A5D2-21197056F80C}"
EndProject
Project("{2150E333-8FDC-42A3-9474-1A3956D46DE8}") = "03 Core", "03 Core", "{7F84B144-E746-4A0A-BC5E-9D5153CC1E95}"
EndProject
Project("{2150E333-8FDC-42A3-9474-1A3956D46DE8}") = "04 Infrastructure", "04 Infrastructure", "{8882FEEF-1D65-4778-B96A-03B39483FDD9}"
EndProject
Project("{2150E333-8FDC-42A3-9474-1A3956D46DE8}") = "05 UI", "05 UI", "{464B8C9C-1B49-42D0-ADE1-E268D6CCFCDD}"
EndProject
Project("{9A19103F-16F7-4668-BE54-9A1E7A4F7556}") = "InventoryManagementSystem.Api", "InventoryManagementSystem.Api\InventoryManagementSystem.Api.csproj", "{D8E4032E-64E6-4EC3-B9B1-F830DB4D9AE9}"
EndProject
Project("{9A19103F-16F7-4668-BE54-9A1E7A4F7556}") = "InventoryManagementSystem.UI", "InventoryManagementSystem.UI\InventoryManagementSystem.UI.csproj", "{64089AC9-267A-4624-8DFA-1A76A0DA09DA}"
EndProject
Global
	GlobalSection(SolutionConfigurationPlatforms) = preSolution
		Debug|Any CPU = Debug|Any CPU
		Release|Any CPU = Release|Any CPU
	EndGlobalSection
	GlobalSection(ProjectConfigurationPlatforms) = postSolution
		{58801F37-A303-40F3-8F71-BCB16B4C21C6}.Debug|Any CPU.ActiveCfg = Debug|Any CPU
		{58801F37-A303-40F3-8F71-BCB16B4C21C6}.Debug|Any CPU.Build.0 = Debug|Any CPU
		{58801F37-A303-40F3-8F71-BCB16B4C21C6}.Release|Any CPU.ActiveCfg = Release|Any CPU
		{58801F37-A303-40F3-8F71-BCB16B4C21C6}.Release|Any CPU.Build.0 = Release|Any CPU
		{66AD8B6E-3663-4428-9AB4-3B041BADDDDB}.Debug|Any CPU.ActiveCfg = Debug|Any CPU
		{66AD8B6E-3663-4428-9AB4-3B041BADDDDB}.Debug|Any CPU.Build.0 = Debug|Any CPU
		{66AD8B6E-3663-4428-9AB4-3B041BADDDDB}.Release|Any CPU.ActiveCfg = Release|Any CPU
		{66AD8B6E-3663-4428-9AB4-3B041BADDDDB}.Release|Any CPU.Build.0 = Release|Any CPU
		{C4F50CA3-06F1-4711-BCBF-07043C5822A9}.Debug|Any CPU.ActiveCfg = Debug|Any CPU
		{C4F50CA3-06F1-4711-BCBF-07043C5822A9}.Debug|Any CPU.Build.0 = Debug|Any CPU
		{C4F50CA3-06F1-4711-BCBF-07043C5822A9}.Release|Any CPU.ActiveCfg = Release|Any CPU
		{C4F50CA3-06F1-4711-BCBF-07043C5822A9}.Release|Any CPU.Build.0 = Release|Any CPU
		{42AD1579-6B76-430E-9EE3-93B2A6D9DD4F}.Debug|Any CPU.ActiveCfg = Debug|Any CPU
		{42AD1579-6B76-430E-9EE3-93B2A6D9DD4F}.Debug|Any CPU.Build.0 = Debug|Any CPU
		{42AD1579-6B76-430E-9EE3-93B2A6D9DD4F}.Release|Any CPU.ActiveCfg = Release|Any CPU
		{42AD1579-6B76-430E-9EE3-93B2A6D9DD4F}.Release|Any CPU.Build.0 = Release|Any CPU
		{D8E4032E-64E6-4EC3-B9B1-F830DB4D9AE9}.Debug|Any CPU.ActiveCfg = Debug|Any CPU
		{D8E4032E-64E6-4EC3-B9B1-F830DB4D9AE9}.Debug|Any CPU.Build.0 = Debug|Any CPU
		{D8E4032E-64E6-4EC3-B9B1-F830DB4D9AE9}.Release|Any CPU.ActiveCfg = Release|Any CPU
		{D8E4032E-64E6-4EC3-B9B1-F830DB4D9AE9}.Release|Any CPU.Build.0 = Release|Any CPU
		{64089AC9-267A-4624-8DFA-1A76A0DA09DA}.Debug|Any CPU.ActiveCfg = Debug|Any CPU
		{64089AC9-267A-4624-8DFA-1A76A0DA09DA}.Debug|Any CPU.Build.0 = Debug|Any CPU
		{64089AC9-267A-4624-8DFA-1A76A0DA09DA}.Release|Any CPU.ActiveCfg = Release|Any CPU
		{64089AC9-267A-4624-8DFA-1A76A0DA09DA}.Release|Any CPU.Build.0 = Release|Any CPU
	EndGlobalSection
	GlobalSection(SolutionProperties) = preSolution
		HideSolutionNode = FALSE
	EndGlobalSection
	GlobalSection(NestedProjects) = preSolution
		{58801F37-A303-40F3-8F71-BCB16B4C21C6} = {7F84B144-E746-4A0A-BC5E-9D5153CC1E95}
		{66AD8B6E-3663-4428-9AB4-3B041BADDDDB} = {8882FEEF-1D65-4778-B96A-03B39483FDD9}
		{C4F50CA3-06F1-4711-BCBF-07043C5822A9} = {6C3427AD-A323-4203-A5D2-21197056F80C}
		{42AD1579-6B76-430E-9EE3-93B2A6D9DD4F} = {37547915-C62A-4B6E-886A-CFB4344235E7}
		{E8ED21F3-BA7D-4A50-B652-A5349017F135} = {288D2F63-F0B3-41C9-A3D4-51965B47C30D}
		{6C3427AD-A323-4203-A5D2-21197056F80C} = {288D2F63-F0B3-41C9-A3D4-51965B47C30D}
		{7F84B144-E746-4A0A-BC5E-9D5153CC1E95} = {288D2F63-F0B3-41C9-A3D4-51965B47C30D}
		{8882FEEF-1D65-4778-B96A-03B39483FDD9} = {288D2F63-F0B3-41C9-A3D4-51965B47C30D}
		{464B8C9C-1B49-42D0-ADE1-E268D6CCFCDD} = {288D2F63-F0B3-41C9-A3D4-51965B47C30D}
		{D8E4032E-64E6-4EC3-B9B1-F830DB4D9AE9} = {E8ED21F3-BA7D-4A50-B652-A5349017F135}
		{64089AC9-267A-4624-8DFA-1A76A0DA09DA} = {464B8C9C-1B49-42D0-ADE1-E268D6CCFCDD}
	EndGlobalSection
	GlobalSection(ExtensibilityGlobals) = postSolution
		SolutionGuid = {BA0826EC-69AB-4F93-BC4C-ADD9E9DB8063}
	EndGlobalSection
EndGlobal
